
Microsoft Visual Studio Solution File, Format Version 12.00
# Visual Studio Version 17
VisualStudioVersion = 17.4.33110.190
MinimumVisualStudioVersion = 10.0.40219.1
Project("{FAE04EC0-301F-11D3-BF4B-00C04F79EFBC}") = "QuanLyMatHang", "QuanLyMatHang\QuanLyMatHang.csproj", "{38F99851-7932-46C0-AD4B-1EC446E58C97}"
EndProject
Global
	GlobalSection(SolutionConfigurationPlatforms) = preSolution
		Debug|Any CPU = Debug|Any CPU
		Release|Any CPU = Release|Any CPU
	EndGlobalSection
	GlobalSection(ProjectConfigurationPlatforms) = postSolution
		{38F99851-7932-46C0-AD4B-1EC446E58C97}.Debug|Any CPU.ActiveCfg = Debug|Any CPU
		{38F99851-7932-46C0-AD4B-1EC446E58C97}.Debug|Any CPU.Build.0 = Debug|Any CPU
		{38F99851-7932-46C0-AD4B-1EC446E58C97}.Release|Any CPU.ActiveCfg = Release|Any CPU
		{38F99851-7932-46C0-AD4B-1EC446E58C97}.Release|Any CPU.Build.0 = Release|Any CPU
	EndGlobalSection
	GlobalSection(SolutionProperties) = preSolution
		HideSolutionNode = FALSE
	EndGlobalSection
	GlobalSection(ExtensibilityGlobals) = postSolution
		SolutionGuid = {7541A8CB-F4A4-4BBD-AC40-C4B16710B958}
	EndGlobalSection
EndGlobal
